// !$*UTF8*$!
{
	archiveVersion = 1;
	classes = {
	};
	objectVersion = 48;
	objects = {

/* Begin PBXBuildFile section */
		977C6E2F2DCB8B29FE1472AE /* libPods-iOS11AppStoreTransition.a in Frameworks */ = {isa = PBXBuildFile; fileRef = 457D4036B829EF313554C27D /* libPods-iOS11AppStoreTransition.a */; };
		AB402C6E1F9D949500098E92 /* AppDelegate.m in Sources */ = {isa = PBXBuildFile; fileRef = AB402C6D1F9D949500098E92 /* AppDelegate.m */; };
		AB402C761F9D949500098E92 /* Assets.xcassets in Resources */ = {isa = PBXBuildFile; fileRef = AB402C751F9D949500098E92 /* Assets.xcassets */; };
		AB402C791F9D949500098E92 /* LaunchScreen.storyboard in Resources */ = {isa = PBXBuildFile; fileRef = AB402C771F9D949500098E92 /* LaunchScreen.storyboard */; };
		AB402C7C1F9D949500098E92 /* main.m in Sources */ = {isa = PBXBuildFile; fileRef = AB402C7B1F9D949500098E92 /* main.m */; };
		AB402C861F9D949500098E92 /* iOS11AppStoreTransitionTests.m in Sources */ = {isa = PBXBuildFile; fileRef = AB402C851F9D949500098E92 /* iOS11AppStoreTransitionTests.m */; };
		AB402C911F9D949500098E92 /* iOS11AppStoreTransitionUITests.m in Sources */ = {isa = PBXBuildFile; fileRef = AB402C901F9D949500098E92 /* iOS11AppStoreTransitionUITests.m */; };
		AB402CA81F9D95C900098E92 /* AllSb.storyboard in Resources */ = {isa = PBXBuildFile; fileRef = AB402C9F1F9D95C900098E92 /* AllSb.storyboard */; };
		AB402CA91F9D95C900098E92 /* QCAllViewController.m in Sources */ = {isa = PBXBuildFile; fileRef = AB402CA11F9D95C900098E92 /* QCAllViewController.m */; };
		AB402CAA1F9D95C900098E92 /* QCCardTransition.m in Sources */ = {isa = PBXBuildFile; fileRef = AB402CA31F9D95C900098E92 /* QCCardTransition.m */; };
		AB402CAB1F9D95C900098E92 /* QCCoursesDetailController.m in Sources */ = {isa = PBXBuildFile; fileRef = AB402CA51F9D95C900098E92 /* QCCoursesDetailController.m */; };
		AB402CB21F9D968100098E92 /* QCTabBarController.m in Sources */ = {isa = PBXBuildFile; fileRef = AB402CB11F9D968100098E92 /* QCTabBarController.m */; };
		AB402CBF1F9D970800098E92 /* QCChoiceCourseCell.m in Sources */ = {isa = PBXBuildFile; fileRef = AB402CB51F9D970800098E92 /* QCChoiceCourseCell.m */; };
		AB402CC01F9D970800098E92 /* QCChoiceCourseCell.xib in Resources */ = {isa = PBXBuildFile; fileRef = AB402CB61F9D970800098E92 /* QCChoiceCourseCell.xib */; };
		AB402CC11F9D970800098E92 /* QCCourseCell.m in Sources */ = {isa = PBXBuildFile; fileRef = AB402CB81F9D970800098E92 /* QCCourseCell.m */; };
		AB402CC21F9D970800098E92 /* QCCourseCell.xib in Resources */ = {isa = PBXBuildFile; fileRef = AB402CB91F9D970800098E92 /* QCCourseCell.xib */; };
		AB402CC31F9D970800098E92 /* QCCoursesCategorySection.m in Sources */ = {isa = PBXBuildFile; fileRef = AB402CBB1F9D970800098E92 /* QCCoursesCategorySection.m */; };
		AB402CC41F9D970800098E92 /* QCMoreCourseListCell.m in Sources */ = {isa = PBXBuildFile; fileRef = AB402CBD1F9D970800098E92 /* QCMoreCourseListCell.m */; };
		AB402CC51F9D970800098E92 /* QCMoreCourseListCell.xib in Resources */ = {isa = PBXBuildFile; fileRef = AB402CBE1F9D970800098E92 /* QCMoreCourseListCell.xib */; };
		AB402CC81F9D973100098E92 /* QCBaseCell.m in Sources */ = {isa = PBXBuildFile; fileRef = AB402CC71F9D973100098E92 /* QCBaseCell.m */; };
/* End PBXBuildFile section */

/* Begin PBXContainerItemProxy section */
		AB402C821F9D949500098E92 /* PBXContainerItemProxy */ = {
			isa = PBXContainerItemProxy;
			containerPortal = AB402C611F9D949500098E92 /* Project object */;
			proxyType = 1;
			remoteGlobalIDString = AB402C681F9D949500098E92;
			remoteInfo = iOS11AppStoreTransition;
		};
		AB402C8D1F9D949500098E92 /* PBXContainerItemProxy */ = {
			isa = PBXContainerItemProxy;
			containerPortal = AB402C611F9D949500098E92 /* Project object */;
			proxyType = 1;
			remoteGlobalIDString = AB402C681F9D949500098E92;
			remoteInfo = iOS11AppStoreTransition;
		};
/* End PBXContainerItemProxy section */

/* Begin PBXFileReference section */
		393247B406D47C4DC44B5B0A /* Pods-iOS11AppStoreTransition.debug.xcconfig */ = {isa = PBXFileReference; includeInIndex = 1; lastKnownFileType = text.xcconfig; name = "Pods-iOS11AppStoreTransition.debug.xcconfig"; path = "Pods/Target Support Files/Pods-iOS11AppStoreTransition/Pods-iOS11AppStoreTransition.debug.xcconfig"; sourceTree = "<group>"; };
		457D4036B829EF313554C27D /* libPods-iOS11AppStoreTransition.a */ = {isa = PBXFileReference; explicitFileType = archive.ar; includeInIndex = 0; path = "libPods-iOS11AppStoreTransition.a"; sourceTree = BUILT_PRODUCTS_DIR; };
		5A5FFBD78BF7B859C13F4698 /* Pods-iOS11AppStoreTransition.release.xcconfig */ = {isa = PBXFileReference; includeInIndex = 1; lastKnownFileType = text.xcconfig; name = "Pods-iOS11AppStoreTransition.release.xcconfig"; path = "Pods/Target Support Files/Pods-iOS11AppStoreTransition/Pods-iOS11AppStoreTransition.release.xcconfig"; sourceTree = "<group>"; };
		AB402C691F9D949500098E92 /* iOS11AppStoreTransition.app */ = {isa = PBXFileReference; explicitFileType = wrapper.application; includeInIndex = 0; path = iOS11AppStoreTransition.app; sourceTree = BUILT_PRODUCTS_DIR; };
		AB402C6C1F9D949500098E92 /* AppDelegate.h */ = {isa = PBXFileReference; lastKnownFileType = sourcecode.c.h; path = AppDelegate.h; sourceTree = "<group>"; };
		AB402C6D1F9D949500098E92 /* AppDelegate.m */ = {isa = PBXFileReference; lastKnownFileType = sourcecode.c.objc; path = AppDelegate.m; sourceTree = "<group>"; };
		AB402C751F9D949500098E92 /* Assets.xcassets */ = {isa = PBXFileReference; lastKnownFileType = folder.assetcatalog; path = Assets.xcassets; sourceTree = "<group>"; };
		AB402C781F9D949500098E92 /* Base */ = {isa = PBXFileReference; lastKnownFileType = file.storyboard; name = Base; path = Base.lproj/LaunchScreen.storyboard; sourceTree = "<group>"; };
		AB402C7A1F9D949500098E92 /* Info.plist */ = {isa = PBXFileReference; lastKnownFileType = text.plist.xml; path = Info.plist; sourceTree = "<group>"; };
		AB402C7B1F9D949500098E92 /* main.m */ = {isa = PBXFileReference; lastKnownFileType = sourcecode.c.objc; path = main.m; sourceTree = "<group>"; };
		AB402C811F9D949500098E92 /* iOS11AppStoreTransitionTests.xctest */ = {isa = PBXFileReference; explicitFileType = wrapper.cfbundle; includeInIndex = 0; path = iOS11AppStoreTransitionTests.xctest; sourceTree = BUILT_PRODUCTS_DIR; };
		AB402C851F9D949500098E92 /* iOS11AppStoreTransitionTests.m */ = {isa = PBXFileReference; lastKnownFileType = sourcecode.c.objc; path = iOS11AppStoreTransitionTests.m; sourceTree = "<group>"; };
		AB402C871F9D949500098E92 /* Info.plist */ = {isa = PBXFileReference; lastKnownFileType = text.plist.xml; path = Info.plist; sourceTree = "<group>"; };
		AB402C8C1F9D949500098E92 /* iOS11AppStoreTransitionUITests.xctest */ = {isa = PBXFileReference; explicitFileType = wrapper.cfbundle; includeInIndex = 0; path = iOS11AppStoreTransitionUITests.xctest; sourceTree = BUILT_PRODUCTS_DIR; };
		AB402C901F9D949500098E92 /* iOS11AppStoreTransitionUITests.m */ = {isa = PBXFileReference; lastKnownFileType = sourcecode.c.objc; path = iOS11AppStoreTransitionUITests.m; sourceTree = "<group>"; };
		AB402C921F9D949500098E92 /* Info.plist */ = {isa = PBXFileReference; lastKnownFileType = text.plist.xml; path = Info.plist; sourceTree = "<group>"; };
		AB402C9F1F9D95C900098E92 /* AllSb.storyboard */ = {isa = PBXFileReference; fileEncoding = 4; lastKnownFileType = file.storyboard; path = AllSb.storyboard; sourceTree = "<group>"; };
		AB402CA01F9D95C900098E92 /* QCAllViewController.h */ = {isa = PBXFileReference; fileEncoding = 4; lastKnownFileType = sourcecode.c.h; path = QCAllViewController.h; sourceTree = "<group>"; };
		AB402CA11F9D95C900098E92 /* QCAllViewController.m */ = {isa = PBXFileReference; fileEncoding = 4; lastKnownFileType = sourcecode.c.objc; path = QCAllViewController.m; sourceTree = "<group>"; };
		AB402CA21F9D95C900098E92 /* QCCardTransition.h */ = {isa = PBXFileReference; fileEncoding = 4; lastKnownFileType = sourcecode.c.h; path = QCCardTransition.h; sourceTree = "<group>"; };
		AB402CA31F9D95C900098E92 /* QCCardTransition.m */ = {isa = PBXFileReference; fileEncoding = 4; lastKnownFileType = sourcecode.c.objc; path = QCCardTransition.m; sourceTree = "<group>"; };
		AB402CA41F9D95C900098E92 /* QCCoursesDetailController.h */ = {isa = PBXFileReference; fileEncoding = 4; lastKnownFileType = sourcecode.c.h; path = QCCoursesDetailController.h; sourceTree = "<group>"; };
		AB402CA51F9D95C900098E92 /* QCCoursesDetailController.m */ = {isa = PBXFileReference; fileEncoding = 4; lastKnownFileType = sourcecode.c.objc; path = QCCoursesDetailController.m; sourceTree = "<group>"; };
		AB402CAF1F9D966D00098E92 /* QCUIToobox.h */ = {isa = PBXFileReference; fileEncoding = 4; lastKnownFileType = sourcecode.c.h; path = QCUIToobox.h; sourceTree = "<group>"; };
		AB402CB01F9D968100098E92 /* QCTabBarController.h */ = {isa = PBXFileReference; fileEncoding = 4; lastKnownFileType = sourcecode.c.h; path = QCTabBarController.h; sourceTree = "<group>"; };
		AB402CB11F9D968100098E92 /* QCTabBarController.m */ = {isa = PBXFileReference; fileEncoding = 4; lastKnownFileType = sourcecode.c.objc; path = QCTabBarController.m; sourceTree = "<group>"; };
		AB402CB41F9D970800098E92 /* QCChoiceCourseCell.h */ = {isa = PBXFileReference; fileEncoding = 4; lastKnownFileType = sourcecode.c.h; path = QCChoiceCourseCell.h; sourceTree = "<group>"; };
		AB402CB51F9D970800098E92 /* QCChoiceCourseCell.m */ = {isa = PBXFileReference; fileEncoding = 4; lastKnownFileType = sourcecode.c.objc; path = QCChoiceCourseCell.m; sourceTree = "<group>"; };
		AB402CB61F9D970800098E92 /* QCChoiceCourseCell.xib */ = {isa = PBXFileReference; fileEncoding = 4; lastKnownFileType = file.xib; path = QCChoiceCourseCell.xib; sourceTree = "<group>"; };
		AB402CB71F9D970800098E92 /* QCCourseCell.h */ = {isa = PBXFileReference; fileEncoding = 4; lastKnownFileType = sourcecode.c.h; path = QCCourseCell.h; sourceTree = "<group>"; };
		AB402CB81F9D970800098E92 /* QCCourseCell.m */ = {isa = PBXFileReference; fileEncoding = 4; lastKnownFileType = sourcecode.c.objc; path = QCCourseCell.m; sourceTree = "<group>"; };
		AB402CB91F9D970800098E92 /* QCCourseCell.xib */ = {isa = PBXFileReference; fileEncoding = 4; lastKnownFileType = file.xib; path = QCCourseCell.xib; sourceTree = "<group>"; };
		AB402CBA1F9D970800098E92 /* QCCoursesCategorySection.h */ = {isa = PBXFileReference; fileEncoding = 4; lastKnownFileType = sourcecode.c.h; path = QCCoursesCategorySection.h; sourceTree = "<group>"; };
		AB402CBB1F9D970800098E92 /* QCCoursesCategorySection.m */ = {isa = PBXFileReference; fileEncoding = 4; lastKnownFileType = sourcecode.c.objc; path = QCCoursesCategorySection.m; sourceTree = "<group>"; };
		AB402CBC1F9D970800098E92 /* QCMoreCourseListCell.h */ = {isa = PBXFileReference; fileEncoding = 4; lastKnownFileType = sourcecode.c.h; path = QCMoreCourseListCell.h; sourceTree = "<group>"; };
		AB402CBD1F9D970800098E92 /* QCMoreCourseListCell.m */ = {isa = PBXFileReference; fileEncoding = 4; lastKnownFileType = sourcecode.c.objc; path = QCMoreCourseListCell.m; sourceTree = "<group>"; };
		AB402CBE1F9D970800098E92 /* QCMoreCourseListCell.xib */ = {isa = PBXFileReference; fileEncoding = 4; lastKnownFileType = file.xib; path = QCMoreCourseListCell.xib; sourceTree = "<group>"; };
		AB402CC61F9D973100098E92 /* QCBaseCell.h */ = {isa = PBXFileReference; fileEncoding = 4; lastKnownFileType = sourcecode.c.h; path = QCBaseCell.h; sourceTree = "<group>"; };
		AB402CC71F9D973100098E92 /* QCBaseCell.m */ = {isa = PBXFileReference; fileEncoding = 4; lastKnownFileType = sourcecode.c.objc; path = QCBaseCell.m; sourceTree = "<group>"; };
/* End PBXFileReference section */

/* Begin PBXFrameworksBuildPhase section */
		AB402C661F9D949500098E92 /* Frameworks */ = {
			isa = PBXFrameworksBuildPhase;
			buildActionMask = 2147483647;
			files = (
				977C6E2F2DCB8B29FE1472AE /* libPods-iOS11AppStoreTransition.a in Frameworks */,
			);
			runOnlyForDeploymentPostprocessing = 0;
		};
		AB402C7E1F9D949500098E92 /* Frameworks */ = {
			isa = PBXFrameworksBuildPhase;
			buildActionMask = 2147483647;
			files = (
			);
			runOnlyForDeploymentPostprocessing = 0;
		};
		AB402C891F9D949500098E92 /* Frameworks */ = {
			isa = PBXFrameworksBuildPhase;
			buildActionMask = 2147483647;
			files = (
			);
			runOnlyForDeploymentPostprocessing = 0;
		};
/* End PBXFrameworksBuildPhase section */

/* Begin PBXGroup section */
		AB402C601F9D949500098E92 = {
			isa = PBXGroup;
			children = (
				AB402C6B1F9D949500098E92 /* iOS11AppStoreTransition */,
				AB402C841F9D949500098E92 /* iOS11AppStoreTransitionTests */,
				AB402C8F1F9D949500098E92 /* iOS11AppStoreTransitionUITests */,
				AB402C6A1F9D949500098E92 /* Products */,
				D7B1C23E19F0E5C976F0AFF7 /* Pods */,
				EAF0CA0182404A10903041C3 /* Frameworks */,
			);
			sourceTree = "<group>";
		};
		AB402C6A1F9D949500098E92 /* Products */ = {
			isa = PBXGroup;
			children = (
				AB402C691F9D949500098E92 /* iOS11AppStoreTransition.app */,
				AB402C811F9D949500098E92 /* iOS11AppStoreTransitionTests.xctest */,
				AB402C8C1F9D949500098E92 /* iOS11AppStoreTransitionUITests.xctest */,
			);
			name = Products;
			sourceTree = "<group>";
		};
		AB402C6B1F9D949500098E92 /* iOS11AppStoreTransition */ = {
			isa = PBXGroup;
			children = (
				AB402CCA1F9D976600098E92 /* General */,
				AB402CB31F9D970800098E92 /* TableViewCell */,
				AB402C6C1F9D949500098E92 /* AppDelegate.h */,
				AB402C6D1F9D949500098E92 /* AppDelegate.m */,
				AB402CAD1F9D965D00098E92 /* Utils */,
				AB402C9E1F9D95C900098E92 /* All */,
				AB402C751F9D949500098E92 /* Assets.xcassets */,
				AB402C771F9D949500098E92 /* LaunchScreen.storyboard */,
				AB402C7A1F9D949500098E92 /* Info.plist */,
				AB402C7B1F9D949500098E92 /* main.m */,
			);
			path = iOS11AppStoreTransition;
			sourceTree = "<group>";
		};
		AB402C841F9D949500098E92 /* iOS11AppStoreTransitionTests */ = {
			isa = PBXGroup;
			children = (
				AB402C851F9D949500098E92 /* iOS11AppStoreTransitionTests.m */,
				AB402C871F9D949500098E92 /* Info.plist */,
			);
			path = iOS11AppStoreTransitionTests;
			sourceTree = "<group>";
		};
		AB402C8F1F9D949500098E92 /* iOS11AppStoreTransitionUITests */ = {
			isa = PBXGroup;
			children = (
				AB402C901F9D949500098E92 /* iOS11AppStoreTransitionUITests.m */,
				AB402C921F9D949500098E92 /* Info.plist */,
			);
			path = iOS11AppStoreTransitionUITests;
			sourceTree = "<group>";
		};
		AB402C9E1F9D95C900098E92 /* All */ = {
			isa = PBXGroup;
			children = (
				AB402CB01F9D968100098E92 /* QCTabBarController.h */,
				AB402CB11F9D968100098E92 /* QCTabBarController.m */,
				AB402C9F1F9D95C900098E92 /* AllSb.storyboard */,
				AB402CA01F9D95C900098E92 /* QCAllViewController.h */,
				AB402CA11F9D95C900098E92 /* QCAllViewController.m */,
				AB402CA21F9D95C900098E92 /* QCCardTransition.h */,
				AB402CA31F9D95C900098E92 /* QCCardTransition.m */,
				AB402CA41F9D95C900098E92 /* QCCoursesDetailController.h */,
				AB402CA51F9D95C900098E92 /* QCCoursesDetailController.m */,
			);
			path = All;
			sourceTree = "<group>";
		};
		AB402CAD1F9D965D00098E92 /* Utils */ = {
			isa = PBXGroup;
			children = (
				AB402CAE1F9D966D00098E92 /* Utils */,
			);
			path = Utils;
			sourceTree = "<group>";
		};
		AB402CAE1F9D966D00098E92 /* Utils */ = {
			isa = PBXGroup;
			children = (
				AB402CAF1F9D966D00098E92 /* QCUIToobox.h */,
			);
			name = Utils;
			sourceTree = "<group>";
		};
		AB402CB31F9D970800098E92 /* TableViewCell */ = {
			isa = PBXGroup;
			children = (
				AB402CC61F9D973100098E92 /* QCBaseCell.h */,
				AB402CC71F9D973100098E92 /* QCBaseCell.m */,
				AB402CB41F9D970800098E92 /* QCChoiceCourseCell.h */,
				AB402CB51F9D970800098E92 /* QCChoiceCourseCell.m */,
				AB402CB61F9D970800098E92 /* QCChoiceCourseCell.xib */,
				AB402CB71F9D970800098E92 /* QCCourseCell.h */,
				AB402CB81F9D970800098E92 /* QCCourseCell.m */,
				AB402CB91F9D970800098E92 /* QCCourseCell.xib */,
				AB402CBA1F9D970800098E92 /* QCCoursesCategorySection.h */,
				AB402CBB1F9D970800098E92 /* QCCoursesCategorySection.m */,
				AB402CBC1F9D970800098E92 /* QCMoreCourseListCell.h */,
				AB402CBD1F9D970800098E92 /* QCMoreCourseListCell.m */,
				AB402CBE1F9D970800098E92 /* QCMoreCourseListCell.xib */,
			);
			path = TableViewCell;
			sourceTree = "<group>";
		};
		AB402CCA1F9D976600098E92 /* General */ = {
			isa = PBXGroup;
			children = (
			);
			path = General;
			sourceTree = "<group>";
		};
		D7B1C23E19F0E5C976F0AFF7 /* Pods */ = {
			isa = PBXGroup;
			children = (
				393247B406D47C4DC44B5B0A /* Pods-iOS11AppStoreTransition.debug.xcconfig */,
				5A5FFBD78BF7B859C13F4698 /* Pods-iOS11AppStoreTransition.release.xcconfig */,
			);
			name = Pods;
			sourceTree = "<group>";
		};
		EAF0CA0182404A10903041C3 /* Frameworks */ = {
			isa = PBXGroup;
			children = (
				457D4036B829EF313554C27D /* libPods-iOS11AppStoreTransition.a */,
			);
			name = Frameworks;
			sourceTree = "<group>";
		};
/* End PBXGroup section */

/* Begin PBXNativeTarget section */
		AB402C681F9D949500098E92 /* iOS11AppStoreTransition */ = {
			isa = PBXNativeTarget;
			buildConfigurationList = AB402C951F9D949500098E92 /* Build configuration list for PBXNativeTarget "iOS11AppStoreTransition" */;
			buildPhases = (
				A05C9FF9A9C76E167EDF79B7 /* [CP] Check Pods Manifest.lock */,
				AB402C651F9D949500098E92 /* Sources */,
				AB402C661F9D949500098E92 /* Frameworks */,
				AB402C671F9D949500098E92 /* Resources */,
				0DA8EBD9899954FD4B11BA53 /* [CP] Embed Pods Frameworks */,
				1BA819954C7B05E0A91E1CE5 /* [CP] Copy Pods Resources */,
			);
			buildRules = (
			);
			dependencies = (
			);
			name = iOS11AppStoreTransition;
			productName = iOS11AppStoreTransition;
			productReference = AB402C691F9D949500098E92 /* iOS11AppStoreTransition.app */;
			productType = "com.apple.product-type.application";
		};
		AB402C801F9D949500098E92 /* iOS11AppStoreTransitionTests */ = {
			isa = PBXNativeTarget;
			buildConfigurationList = AB402C981F9D949500098E92 /* Build configuration list for PBXNativeTarget "iOS11AppStoreTransitionTests" */;
			buildPhases = (
				AB402C7D1F9D949500098E92 /* Sources */,
				AB402C7E1F9D949500098E92 /* Frameworks */,
				AB402C7F1F9D949500098E92 /* Resources */,
			);
			buildRules = (
			);
			dependencies = (
				AB402C831F9D949500098E92 /* PBXTargetDependency */,
			);
			name = iOS11AppStoreTransitionTests;
			productName = iOS11AppStoreTransitionTests;
			productReference = AB402C811F9D949500098E92 /* iOS11AppStoreTransitionTests.xctest */;
			productType = "com.apple.product-type.bundle.unit-test";
		};
		AB402C8B1F9D949500098E92 /* iOS11AppStoreTransitionUITests */ = {
			isa = PBXNativeTarget;
			buildConfigurationList = AB402C9B1F9D949500098E92 /* Build configuration list for PBXNativeTarget "iOS11AppStoreTransitionUITests" */;
			buildPhases = (
				AB402C881F9D949500098E92 /* Sources */,
				AB402C891F9D949500098E92 /* Frameworks */,
				AB402C8A1F9D949500098E92 /* Resources */,
			);
			buildRules = (
			);
			dependencies = (
				AB402C8E1F9D949500098E92 /* PBXTargetDependency */,
			);
			name = iOS11AppStoreTransitionUITests;
			productName = iOS11AppStoreTransitionUITests;
			productReference = AB402C8C1F9D949500098E92 /* iOS11AppStoreTransitionUITests.xctest */;
			productType = "com.apple.product-type.bundle.ui-testing";
		};
/* End PBXNativeTarget section */

/* Begin PBXProject section */
		AB402C611F9D949500098E92 /* Project object */ = {
			isa = PBXProject;
			attributes = {
				LastUpgradeCheck = 0900;
				ORGANIZATIONNAME = weikeyan;
				TargetAttributes = {
					AB402C681F9D949500098E92 = {
						CreatedOnToolsVersion = 9.0;
						ProvisioningStyle = Automatic;
					};
					AB402C801F9D949500098E92 = {
						CreatedOnToolsVersion = 9.0;
						ProvisioningStyle = Automatic;
						TestTargetID = AB402C681F9D949500098E92;
					};
					AB402C8B1F9D949500098E92 = {
						CreatedOnToolsVersion = 9.0;
						ProvisioningStyle = Automatic;
						TestTargetID = AB402C681F9D949500098E92;
					};
				};
			};
			buildConfigurationList = AB402C641F9D949500098E92 /* Build configuration list for PBXProject "iOS11AppStoreTransition" */;
			compatibilityVersion = "Xcode 8.0";
			developmentRegion = en;
			hasScannedForEncodings = 0;
			knownRegions = (
				en,
				Base,
			);
			mainGroup = AB402C601F9D949500098E92;
			productRefGroup = AB402C6A1F9D949500098E92 /* Products */;
			projectDirPath = "";
			projectRoot = "";
			targets = (
				AB402C681F9D949500098E92 /* iOS11AppStoreTransition */,
				AB402C801F9D949500098E92 /* iOS11AppStoreTransitionTests */,
				AB402C8B1F9D949500098E92 /* iOS11AppStoreTransitionUITests */,
			);
		};
/* End PBXProject section */

/* Begin PBXResourcesBuildPhase section */
		AB402C671F9D949500098E92 /* Resources */ = {
			isa = PBXResourcesBuildPhase;
			buildActionMask = 2147483647;
			files = (
				AB402C791F9D949500098E92 /* LaunchScreen.storyboard in Resources */,
				AB402CC01F9D970800098E92 /* QCChoiceCourseCell.xib in Resources */,
				AB402CC21F9D970800098E92 /* QCCourseCell.xib in Resources */,
				AB402CA81F9D95C900098E92 /* AllSb.storyboard in Resources */,
				AB402CC51F9D970800098E92 /* QCMoreCourseListCell.xib in Resources */,
				AB402C761F9D949500098E92 /* Assets.xcassets in Resources */,
			);
			runOnlyForDeploymentPostprocessing = 0;
		};
		AB402C7F1F9D949500098E92 /* Resources */ = {
			isa = PBXResourcesBuildPhase;
			buildActionMask = 2147483647;
			files = (
			);
			runOnlyForDeploymentPostprocessing = 0;
		};
		AB402C8A1F9D949500098E92 /* Resources */ = {
			isa = PBXResourcesBuildPhase;
			buildActionMask = 2147483647;
			files = (
			);
			runOnlyForDeploymentPostprocessing = 0;
		};
/* End PBXResourcesBuildPhase section */

/* Begin PBXShellScriptBuildPhase section */
		0DA8EBD9899954FD4B11BA53 /* [CP] Embed Pods Frameworks */ = {
			isa = PBXShellScriptBuildPhase;
			buildActionMask = 2147483647;
			files = (
			);
			inputPaths = (
			);
			name = "[CP] Embed Pods Frameworks";
			outputPaths = (
			);
			runOnlyForDeploymentPostprocessing = 0;
			shellPath = /bin/sh;
			shellScript = "\"${SRCROOT}/Pods/Target Support Files/Pods-iOS11AppStoreTransition/Pods-iOS11AppStoreTransition-frameworks.sh\"\n";
			showEnvVarsInLog = 0;
		};
		1BA819954C7B05E0A91E1CE5 /* [CP] Copy Pods Resources */ = {
			isa = PBXShellScriptBuildPhase;
			buildActionMask = 2147483647;
			files = (
			);
			inputPaths = (
				"${SRCROOT}/Pods/Target Support Files/Pods-iOS11AppStoreTransition/Pods-iOS11AppStoreTransition-resources.sh",
				"${PODS_ROOT}/MJRefresh/MJRefresh/MJRefresh.bundle",
			);
			name = "[CP] Copy Pods Resources";
			outputPaths = (
				"${TARGET_BUILD_DIR}/${UNLOCALIZED_RESOURCES_FOLDER_PATH}",
			);
			runOnlyForDeploymentPostprocessing = 0;
			shellPath = /bin/sh;
			shellScript = "\"${SRCROOT}/Pods/Target Support Files/Pods-iOS11AppStoreTransition/Pods-iOS11AppStoreTransition-resources.sh\"\n";
			showEnvVarsInLog = 0;
		};
		A05C9FF9A9C76E167EDF79B7 /* [CP] Check Pods Manifest.lock */ = {
			isa = PBXShellScriptBuildPhase;
			buildActionMask = 2147483647;
			files = (
			);
			inputPaths = (
				"${PODS_PODFILE_DIR_PATH}/Podfile.lock",
				"${PODS_ROOT}/Manifest.lock",
			);
			name = "[CP] Check Pods Manifest.lock";
			outputPaths = (
				"$(DERIVED_FILE_DIR)/Pods-iOS11AppStoreTransition-checkManifestLockResult.txt",
			);
			runOnlyForDeploymentPostprocessing = 0;
			shellPath = /bin/sh;
			shellScript = "diff \"${PODS_PODFILE_DIR_PATH}/Podfile.lock\" \"${PODS_ROOT}/Manifest.lock\" > /dev/null\nif [ $? != 0 ] ; then\n    # print error to STDERR\n    echo \"error: The sandbox is not in sync with the Podfile.lock. Run 'pod install' or update your CocoaPods installation.\" >&2\n    exit 1\nfi\n# This output is used by Xcode 'outputs' to avoid re-running this script phase.\necho \"SUCCESS\" > \"${SCRIPT_OUTPUT_FILE_0}\"\n";
			showEnvVarsInLog = 0;
		};
/* End PBXShellScriptBuildPhase section */

/* Begin PBXSourcesBuildPhase section */
		AB402C651F9D949500098E92 /* Sources */ = {
			isa = PBXSourcesBuildPhase;
			buildActionMask = 2147483647;
			files = (
				AB402CA91F9D95C900098E92 /* QCAllViewController.m in Sources */,
				AB402CC41F9D970800098E92 /* QCMoreCourseListCell.m in Sources */,
				AB402CC11F9D970800098E92 /* QCCourseCell.m in Sources */,
				AB402CB21F9D968100098E92 /* QCTabBarController.m in Sources */,
				AB402CBF1F9D970800098E92 /* QCChoiceCourseCell.m in Sources */,
				AB402CC31F9D970800098E92 /* QCCoursesCategorySection.m in Sources */,
				AB402C7C1F9D949500098E92 /* main.m in Sources */,
				AB402C6E1F9D949500098E92 /* AppDelegate.m in Sources */,
				AB402CAA1F9D95C900098E92 /* QCCardTransition.m in Sources */,
				AB402CC81F9D973100098E92 /* QCBaseCell.m in Sources */,
				AB402CAB1F9D95C900098E92 /* QCCoursesDetailController.m in Sources */,
			);
			runOnlyForDeploymentPostprocessing = 0;
		};
		AB402C7D1F9D949500098E92 /* Sources */ = {
			isa = PBXSourcesBuildPhase;
			buildActionMask = 2147483647;
			files = (
				AB402C861F9D949500098E92 /* iOS11AppStoreTransitionTests.m in Sources */,
			);
			runOnlyForDeploymentPostprocessing = 0;
		};
		AB402C881F9D949500098E92 /* Sources */ = {
			isa = PBXSourcesBuildPhase;
			buildActionMask = 2147483647;
			files = (
				AB402C911F9D949500098E92 /* iOS11AppStoreTransitionUITests.m in Sources */,
			);
			runOnlyForDeploymentPostprocessing = 0;
		};
/* End PBXSourcesBuildPhase section */

/* Begin PBXTargetDependency section */
		AB402C831F9D949500098E92 /* PBXTargetDependency */ = {
			isa = PBXTargetDependency;
			target = AB402C681F9D949500098E92 /* iOS11AppStoreTransition */;
			targetProxy = AB402C821F9D949500098E92 /* PBXContainerItemProxy */;
		};
		AB402C8E1F9D949500098E92 /* PBXTargetDependency */ = {
			isa = PBXTargetDependency;
			target = AB402C681F9D949500098E92 /* iOS11AppStoreTransition */;
			targetProxy = AB402C8D1F9D949500098E92 /* PBXContainerItemProxy */;
		};
/* End PBXTargetDependency section */

/* Begin PBXVariantGroup section */
		AB402C771F9D949500098E92 /* LaunchScreen.storyboard */ = {
			isa = PBXVariantGroup;
			children = (
				AB402C781F9D949500098E92 /* Base */,
			);
			name = LaunchScreen.storyboard;
			sourceTree = "<group>";
		};
/* End PBXVariantGroup section */

/* Begin XCBuildConfiguration section */
		AB402C931F9D949500098E92 /* Debug */ = {
			isa = XCBuildConfiguration;
			buildSettings = {
				ALWAYS_SEARCH_USER_PATHS = NO;
				CLANG_ANALYZER_NONNULL = YES;
				CLANG_ANALYZER_NUMBER_OBJECT_CONVERSION = YES_AGGRESSIVE;
				CLANG_CXX_LANGUAGE_STANDARD = "gnu++14";
				CLANG_CXX_LIBRARY = "libc++";
				CLANG_ENABLE_MODULES = YES;
				CLANG_ENABLE_OBJC_ARC = YES;
				CLANG_WARN_BLOCK_CAPTURE_AUTORELEASING = YES;
				CLANG_WARN_BOOL_CONVERSION = YES;
				CLANG_WARN_COMMA = YES;
				CLANG_WARN_CONSTANT_CONVERSION = YES;
				CLANG_WARN_DIRECT_OBJC_ISA_USAGE = YES_ERROR;
				CLANG_WARN_DOCUMENTATION_COMMENTS = YES;
				CLANG_WARN_EMPTY_BODY = YES;
				CLANG_WARN_ENUM_CONVERSION = YES;
				CLANG_WARN_INFINITE_RECURSION = YES;
				CLANG_WARN_INT_CONVERSION = YES;
				CLANG_WARN_NON_LITERAL_NULL_CONVERSION = YES;
				CLANG_WARN_OBJC_LITERAL_CONVERSION = YES;
				CLANG_WARN_OBJC_ROOT_CLASS = YES_ERROR;
				CLANG_WARN_RANGE_LOOP_ANALYSIS = YES;
				CLANG_WARN_STRICT_PROTOTYPES = YES;
				CLANG_WARN_SUSPICIOUS_MOVE = YES;
				CLANG_WARN_UNGUARDED_AVAILABILITY = YES_AGGRESSIVE;
				CLANG_WARN_UNREACHABLE_CODE = YES;
				CLANG_WARN__DUPLICATE_METHOD_MATCH = YES;
				CODE_SIGN_IDENTITY = "iPhone Developer";
				COPY_PHASE_STRIP = NO;
				DEBUG_INFORMATION_FORMAT = dwarf;
				ENABLE_STRICT_OBJC_MSGSEND = YES;
				ENABLE_TESTABILITY = YES;
				GCC_C_LANGUAGE_STANDARD = gnu11;
				GCC_DYNAMIC_NO_PIC = NO;
				GCC_NO_COMMON_BLOCKS = YES;
				GCC_OPTIMIZATION_LEVEL = 0;
				GCC_PREPROCESSOR_DEFINITIONS = (
					"DEBUG=1",
					"$(inherited)",
				);
				GCC_WARN_64_TO_32_BIT_CONVERSION = YES;
				GCC_WARN_ABOUT_RETURN_TYPE = YES_ERROR;
				GCC_WARN_UNDECLARED_SELECTOR = YES;
				GCC_WARN_UNINITIALIZED_AUTOS = YES_AGGRESSIVE;
				GCC_WARN_UNUSED_FUNCTION = YES;
				GCC_WARN_UNUSED_VARIABLE = YES;
				IPHONEOS_DEPLOYMENT_TARGET = 11.0;
				MTL_ENABLE_DEBUG_INFO = YES;
				ONLY_ACTIVE_ARCH = YES;
				SDKROOT = iphoneos;
			};
			name = Debug;
		};
		AB402C941F9D949500098E92 /* Release */ = {
			isa = XCBuildConfiguration;
			buildSettings = {
				ALWAYS_SEARCH_USER_PATHS = NO;
				CLANG_ANALYZER_NONNULL = YES;
				CLANG_ANALYZER_NUMBER_OBJECT_CONVERSION = YES_AGGRESSIVE;
				CLANG_CXX_LANGUAGE_STANDARD = "gnu++14";
				CLANG_CXX_LIBRARY = "libc++";
				CLANG_ENABLE_MODULES = YES;
				CLANG_ENABLE_OBJC_ARC = YES;
				CLANG_WARN_BLOCK_CAPTURE_AUTORELEASING = YES;
				CLANG_WARN_BOOL_CONVERSION = YES;
				CLANG_WARN_COMMA = YES;
				CLANG_WARN_CONSTANT_CONVERSION = YES;
				CLANG_WARN_DIRECT_OBJC_ISA_USAGE = YES_ERROR;
				CLANG_WARN_DOCUMENTATION_COMMENTS = YES;
				CLANG_WARN_EMPTY_BODY = YES;
				CLANG_WARN_ENUM_CONVERSION = YES;
				CLANG_WARN_INFINITE_RECURSION = YES;
				CLANG_WARN_INT_CONVERSION = YES;
				CLANG_WARN_NON_LITERAL_NULL_CONVERSION = YES;
				CLANG_WARN_OBJC_LITERAL_CONVERSION = YES;
				CLANG_WARN_OBJC_ROOT_CLASS = YES_ERROR;
				CLANG_WARN_RANGE_LOOP_ANALYSIS = YES;
				CLANG_WARN_STRICT_PROTOTYPES = YES;
				CLANG_WARN_SUSPICIOUS_MOVE = YES;
				CLANG_WARN_UNGUARDED_AVAILABILITY = YES_AGGRESSIVE;
				CLANG_WARN_UNREACHABLE_CODE = YES;
				CLANG_WARN__DUPLICATE_METHOD_MATCH = YES;
				CODE_SIGN_IDENTITY = "iPhone Developer";
				COPY_PHASE_STRIP = NO;
				DEBUG_INFORMATION_FORMAT = "dwarf-with-dsym";
				ENABLE_NS_ASSERTIONS = NO;
				ENABLE_STRICT_OBJC_MSGSEND = YES;
				GCC_C_LANGUAGE_STANDARD = gnu11;
				GCC_NO_COMMON_BLOCKS = YES;
				GCC_WARN_64_TO_32_BIT_CONVERSION = YES;
				GCC_WARN_ABOUT_RETURN_TYPE = YES_ERROR;
				GCC_WARN_UNDECLARED_SELECTOR = YES;
				GCC_WARN_UNINITIALIZED_AUTOS = YES_AGGRESSIVE;
				GCC_WARN_UNUSED_FUNCTION = YES;
				GCC_WARN_UNUSED_VARIABLE = YES;
				IPHONEOS_DEPLOYMENT_TARGET = 11.0;
				MTL_ENABLE_DEBUG_INFO = NO;
				SDKROOT = iphoneos;
				VALIDATE_PRODUCT = YES;
			};
			name = Release;
		};
		AB402C961F9D949500098E92 /* Debug */ = {
			isa = XCBuildConfiguration;
			baseConfigurationReference = 393247B406D47C4DC44B5B0A /* Pods-iOS11AppStoreTransition.debug.xcconfig */;
			buildSettings = {
				ASSETCATALOG_COMPILER_APPICON_NAME = AppIcon;
				CODE_SIGN_STYLE = Automatic;
				DEVELOPMENT_TEAM = NTYS5Y3BQZ;
				INFOPLIST_FILE = iOS11AppStoreTransition/Info.plist;
				IPHONEOS_DEPLOYMENT_TARGET = 8.0;
				LD_RUNPATH_SEARCH_PATHS = "$(inherited) @executable_path/Frameworks";
				PRODUCT_BUNDLE_IDENTIFIER = com.qingclass.iOS11AppStoreTransition;
				PRODUCT_NAME = "$(TARGET_NAME)";
				TARGETED_DEVICE_FAMILY = "1,2";
			};
			name = Debug;
		};
		AB402C971F9D949500098E92 /* Release */ = {
			isa = XCBuildConfiguration;
			baseConfigurationReference = 5A5FFBD78BF7B859C13F4698 /* Pods-iOS11AppStoreTransition.release.xcconfig */;
			buildSettings = {
				ASSETCATALOG_COMPILER_APPICON_NAME = AppIcon;
				CODE_SIGN_STYLE = Automatic;
				DEVELOPMENT_TEAM = NTYS5Y3BQZ;
				INFOPLIST_FILE = iOS11AppStoreTransition/Info.plist;
				IPHONEOS_DEPLOYMENT_TARGET = 8.0;
				LD_RUNPATH_SEARCH_PATHS = "$(inherited) @executable_path/Frameworks";
				PRODUCT_BUNDLE_IDENTIFIER = com.qingclass.iOS11AppStoreTransition;
				PRODUCT_NAME = "$(TARGET_NAME)";
				TARGETED_DEVICE_FAMILY = "1,2";
			};
			name = Release;
		};
		AB402C991F9D949500098E92 /* Debug */ = {
			isa = XCBuildConfiguration;
			buildSettings = {
				BUNDLE_LOADER = "$(TEST_HOST)";
				CODE_SIGN_STYLE = Automatic;
				DEVELOPMENT_TEAM = NTYS5Y3BQZ;
				INFOPLIST_FILE = iOS11AppStoreTransitionTests/Info.plist;
				LD_RUNPATH_SEARCH_PATHS = "$(inherited) @executable_path/Frameworks @loader_path/Frameworks";
				PRODUCT_BUNDLE_IDENTIFIER = com.qingclass.iOS11AppStoreTransitionTests;
				PRODUCT_NAME = "$(TARGET_NAME)";
				TARGETED_DEVICE_FAMILY = "1,2";
				TEST_HOST = "$(BUILT_PRODUCTS_DIR)/iOS11AppStoreTransition.app/iOS11AppStoreTransition";
			};
			name = Debug;
		};
		AB402C9A1F9D949500098E92 /* Release */ = {
			isa = XCBuildConfiguration;
			buildSettings = {
				BUNDLE_LOADER = "$(TEST_HOST)";
				CODE_SIGN_STYLE = Automatic;
				DEVELOPMENT_TEAM = NTYS5Y3BQZ;
				INFOPLIST_FILE = iOS11AppStoreTransitionTests/Info.plist;
				LD_RUNPATH_SEARCH_PATHS = "$(inherited) @executable_path/Frameworks @loader_path/Frameworks";
				PRODUCT_BUNDLE_IDENTIFIER = com.qingclass.iOS11AppStoreTransitionTests;
				PRODUCT_NAME = "$(TARGET_NAME)";
				TARGETED_DEVICE_FAMILY = "1,2";
				TEST_HOST = "$(BUILT_PRODUCTS_DIR)/iOS11AppStoreTransition.app/iOS11AppStoreTransition";
			};
			name = Release;
		};
		AB402C9C1F9D949500098E92 /* Debug */ = {
			isa = XCBuildConfiguration;
			buildSettings = {
				CODE_SIGN_STYLE = Automatic;
				DEVELOPMENT_TEAM = NTYS5Y3BQZ;
				INFOPLIST_FILE = iOS11AppStoreTransitionUITests/Info.plist;
				LD_RUNPATH_SEARCH_PATHS = "$(inherited) @executable_path/Frameworks @loader_path/Frameworks";
				PRODUCT_BUNDLE_IDENTIFIER = com.qingclass.iOS11AppStoreTransitionUITests;
				PRODUCT_NAME = "$(TARGET_NAME)";
				TARGETED_DEVICE_FAMILY = "1,2";
				TEST_TARGET_NAME = iOS11AppStoreTransition;
			};
			name = Debug;
		};
		AB402C9D1F9D949500098E92 /* Release */ = {
			isa = XCBuildConfiguration;
			buildSettings = {
				CODE_SIGN_STYLE = Automatic;
				DEVELOPMENT_TEAM = NTYS5Y3BQZ;
				INFOPLIST_FILE = iOS11AppStoreTransitionUITests/Info.plist;
				LD_RUNPATH_SEARCH_PATHS = "$(inherited) @executable_path/Frameworks @loader_path/Frameworks";
				PRODUCT_BUNDLE_IDENTIFIER = com.qingclass.iOS11AppStoreTransitionUITests;
				PRODUCT_NAME = "$(TARGET_NAME)";
				TARGETED_DEVICE_FAMILY = "1,2";
				TEST_TARGET_NAME = iOS11AppStoreTransition;
			};
			name = Release;
		};
/* End XCBuildConfiguration section */

/* Begin XCConfigurationList section */
		AB402C641F9D949500098E92 /* Build configuration list for PBXProject "iOS11AppStoreTransition" */ = {
			isa = XCConfigurationList;
			buildConfigurations = (
				AB402C931F9D949500098E92 /* Debug */,
				AB402C941F9D949500098E92 /* Release */,
			);
			defaultConfigurationIsVisible = 0;
			defaultConfigurationName = Release;
		};
		AB402C951F9D949500098E92 /* Build configuration list for PBXNativeTarget "iOS11AppStoreTransition" */ = {
			isa = XCConfigurationList;
			buildConfigurations = (
				AB402C961F9D949500098E92 /* Debug */,
				AB402C971F9D949500098E92 /* Release */,
			);
			defaultConfigurationIsVisible = 0;
			defaultConfigurationName = Release;
		};
		AB402C981F9D949500098E92 /* Build configuration list for PBXNativeTarget "iOS11AppStoreTransitionTests" */ = {
			isa = XCConfigurationList;
			buildConfigurations = (
				AB402C991F9D949500098E92 /* Debug */,
				AB402C9A1F9D949500098E92 /* Release */,
			);
			defaultConfigurationIsVisible = 0;
			defaultConfigurationName = Release;
		};
		AB402C9B1F9D949500098E92 /* Build configuration list for PBXNativeTarget "iOS11AppStoreTransitionUITests" */ = {
			isa = XCConfigurationList;
			buildConfigurations = (
				AB402C9C1F9D949500098E92 /* Debug */,
				AB402C9D1F9D949500098E92 /* Release */,
			);
			defaultConfigurationIsVisible = 0;
			defaultConfigurationName = Release;
		};
/* End XCConfigurationList section */
	};
	rootObject = AB402C611F9D949500098E92 /* Project object */;
}
